
Microsoft Visual Studio Solution File, Format Version 12.00
# Visual Studio 15
Project("{FAE04EC0-301F-11D3-BF4B-00C04F79EFBC}") = "SimpleWebTransport", "SimpleWebTransport.csproj", "{C05F16D6-CE8D-6EB5-23DC-BABDA34A790B}"
EndProject
Project("{FAE04EC0-301F-11D3-BF4B-00C04F79EFBC}") = "Mirror.Examples", "Mirror.Examples.csproj", "{A642816B-B086-BBAF-3C11-E6CBD204AD8E}"
EndProject
Project("{FAE04EC0-301F-11D3-BF4B-00C04F79EFBC}") = "Mirror", "Mirror.csproj", "{DE2B8CBE-831D-D842-9BB8-06186A8B0849}"
EndProject
Project("{FAE04EC0-301F-11D3-BF4B-00C04F79EFBC}") = "Mirror.Components", "Mirror.Components.csproj", "{4687D06F-BA9C-9DFA-803E-259006934286}"
EndProject
Project("{FAE04EC0-301F-11D3-BF4B-00C04F79EFBC}") = "Telepathy", "Telepathy.csproj", "{55B32B42-1A0D-6480-EE54-5363CFC7D127}"
EndProject
Project("{FAE04EC0-301F-11D3-BF4B-00C04F79EFBC}") = "Assembly-CSharp", "Assembly-CSharp.csproj", "{4726DA2E-D23E-7DFA-4CB4-7531B9E8C086}"
EndProject
Project("{FAE04EC0-301F-11D3-BF4B-00C04F79EFBC}") = "kcp2k", "kcp2k.csproj", "{B25F3622-FE76-3723-3D82-D1098450D3F0}"
EndProject
Project("{FAE04EC0-301F-11D3-BF4B-00C04F79EFBC}") = "Mirror.Authenticators", "Mirror.Authenticators.csproj", "{889020B2-D65C-A636-F152-2CEFCE2C830C}"
EndProject
Project("{FAE04EC0-301F-11D3-BF4B-00C04F79EFBC}") = "Mirror.Weaver", "Mirror.Weaver.csproj", "{710F9B5E-4C38-4384-2625-022B05112836}"
EndProject
Project("{FAE04EC0-301F-11D3-BF4B-00C04F79EFBC}") = "Mirror.Editor", "Mirror.Editor.csproj", "{1A880A92-9454-7058-FABC-76D501F6CEC0}"
EndProject
Project("{FAE04EC0-301F-11D3-BF4B-00C04F79EFBC}") = "Mirror.CompilerSymbols", "Mirror.CompilerSymbols.csproj", "{B6B692EC-0E5B-AC4C-4595-EB9C4524E40E}"
EndProject
Global
	GlobalSection(SolutionConfigurationPlatforms) = preSolution
		Debug|Any CPU = Debug|Any CPU
		Release|Any CPU = Release|Any CPU
	EndGlobalSection
	GlobalSection(ProjectConfigurationPlatforms) = postSolution
		{C05F16D6-CE8D-6EB5-23DC-BABDA34A790B}.Debug|Any CPU.ActiveCfg = Debug|Any CPU
		{C05F16D6-CE8D-6EB5-23DC-BABDA34A790B}.Debug|Any CPU.Build.0 = Debug|Any CPU
		{C05F16D6-CE8D-6EB5-23DC-BABDA34A790B}.Release|Any CPU.ActiveCfg = Release|Any CPU
		{C05F16D6-CE8D-6EB5-23DC-BABDA34A790B}.Release|Any CPU.Build.0 = Release|Any CPU
		{A642816B-B086-BBAF-3C11-E6CBD204AD8E}.Debug|Any CPU.ActiveCfg = Debug|Any CPU
		{A642816B-B086-BBAF-3C11-E6CBD204AD8E}.Debug|Any CPU.Build.0 = Debug|Any CPU
		{A642816B-B086-BBAF-3C11-E6CBD204AD8E}.Release|Any CPU.ActiveCfg = Release|Any CPU
		{A642816B-B086-BBAF-3C11-E6CBD204AD8E}.Release|Any CPU.Build.0 = Release|Any CPU
		{DE2B8CBE-831D-D842-9BB8-06186A8B0849}.Debug|Any CPU.ActiveCfg = Debug|Any CPU
		{DE2B8CBE-831D-D842-9BB8-06186A8B0849}.Debug|Any CPU.Build.0 = Debug|Any CPU
		{DE2B8CBE-831D-D842-9BB8-06186A8B0849}.Release|Any CPU.ActiveCfg = Release|Any CPU
		{DE2B8CBE-831D-D842-9BB8-06186A8B0849}.Release|Any CPU.Build.0 = Release|Any CPU
		{4687D06F-BA9C-9DFA-803E-259006934286}.Debug|Any CPU.ActiveCfg = Debug|Any CPU
		{4687D06F-BA9C-9DFA-803E-259006934286}.Debug|Any CPU.Build.0 = Debug|Any CPU
		{4687D06F-BA9C-9DFA-803E-259006934286}.Release|Any CPU.ActiveCfg = Release|Any CPU
		{4687D06F-BA9C-9DFA-803E-259006934286}.Release|Any CPU.Build.0 = Release|Any CPU
		{55B32B42-1A0D-6480-EE54-5363CFC7D127}.Debug|Any CPU.ActiveCfg = Debug|Any CPU
		{55B32B42-1A0D-6480-EE54-5363CFC7D127}.Debug|Any CPU.Build.0 = Debug|Any CPU
		{55B32B42-1A0D-6480-EE54-5363CFC7D127}.Release|Any CPU.ActiveCfg = Release|Any CPU
		{55B32B42-1A0D-6480-EE54-5363CFC7D127}.Release|Any CPU.Build.0 = Release|Any CPU
		{4726DA2E-D23E-7DFA-4CB4-7531B9E8C086}.Debug|Any CPU.ActiveCfg = Debug|Any CPU
		{4726DA2E-D23E-7DFA-4CB4-7531B9E8C086}.Debug|Any CPU.Build.0 = Debug|Any CPU
		{4726DA2E-D23E-7DFA-4CB4-7531B9E8C086}.Release|Any CPU.ActiveCfg = Release|Any CPU
		{4726DA2E-D23E-7DFA-4CB4-7531B9E8C086}.Release|Any CPU.Build.0 = Release|Any CPU
		{B25F3622-FE76-3723-3D82-D1098450D3F0}.Debug|Any CPU.ActiveCfg = Debug|Any CPU
		{B25F3622-FE76-3723-3D82-D1098450D3F0}.Debug|Any CPU.Build.0 = Debug|Any CPU
		{B25F3622-FE76-3723-3D82-D1098450D3F0}.Release|Any CPU.ActiveCfg = Release|Any CPU
		{B25F3622-FE76-3723-3D82-D1098450D3F0}.Release|Any CPU.Build.0 = Release|Any CPU
		{889020B2-D65C-A636-F152-2CEFCE2C830C}.Debug|Any CPU.ActiveCfg = Debug|Any CPU
		{889020B2-D65C-A636-F152-2CEFCE2C830C}.Debug|Any CPU.Build.0 = Debug|Any CPU
		{889020B2-D65C-A636-F152-2CEFCE2C830C}.Release|Any CPU.ActiveCfg = Release|Any CPU
		{889020B2-D65C-A636-F152-2CEFCE2C830C}.Release|Any CPU.Build.0 = Release|Any CPU
		{710F9B5E-4C38-4384-2625-022B05112836}.Debug|Any CPU.ActiveCfg = Debug|Any CPU
		{710F9B5E-4C38-4384-2625-022B05112836}.Debug|Any CPU.Build.0 = Debug|Any CPU
		{710F9B5E-4C38-4384-2625-022B05112836}.Release|Any CPU.ActiveCfg = Release|Any CPU
		{710F9B5E-4C38-4384-2625-022B05112836}.Release|Any CPU.Build.0 = Release|Any CPU
		{1A880A92-9454-7058-FABC-76D501F6CEC0}.Debug|Any CPU.ActiveCfg = Debug|Any CPU
		{1A880A92-9454-7058-FABC-76D501F6CEC0}.Debug|Any CPU.Build.0 = Debug|Any CPU
		{1A880A92-9454-7058-FABC-76D501F6CEC0}.Release|Any CPU.ActiveCfg = Release|Any CPU
		{1A880A92-9454-7058-FABC-76D501F6CEC0}.Release|Any CPU.Build.0 = Release|Any CPU
		{B6B692EC-0E5B-AC4C-4595-EB9C4524E40E}.Debug|Any CPU.ActiveCfg = Debug|Any CPU
		{B6B692EC-0E5B-AC4C-4595-EB9C4524E40E}.Debug|Any CPU.Build.0 = Debug|Any CPU
		{B6B692EC-0E5B-AC4C-4595-EB9C4524E40E}.Release|Any CPU.ActiveCfg = Release|Any CPU
		{B6B692EC-0E5B-AC4C-4595-EB9C4524E40E}.Release|Any CPU.Build.0 = Release|Any CPU
	EndGlobalSection
	GlobalSection(SolutionProperties) = preSolution
		HideSolutionNode = FALSE
	EndGlobalSection
EndGlobal
